
Microsoft Visual Studio Solution File, Format Version 12.00
# Visual Studio Version 17
VisualStudioVersion = 17.3.32811.315
MinimumVisualStudioVersion = 10.0.40219.1
Project("{FAE04EC0-301F-11D3-BF4B-00C04F79EFBC}") = "SortedCollectionSample", "SortedCollectionSample\SortedCollectionSample.csproj", "{9B70FF5B-84A1-41F7-A236-41AF66DB3BA2}"
EndProject
Global
	GlobalSection(SolutionConfigurationPlatforms) = preSolution
		Debug|Any CPU = Debug|Any CPU
		Release|Any CPU = Release|Any CPU
	EndGlobalSection
	GlobalSection(ProjectConfigurationPlatforms) = postSolution
		{9B70FF5B-84A1-41F7-A236-41AF66DB3BA2}.Debug|Any CPU.ActiveCfg = Debug|Any CPU
		{9B70FF5B-84A1-41F7-A236-41AF66DB3BA2}.Debug|Any CPU.Build.0 = Debug|Any CPU
		{9B70FF5B-84A1-41F7-A236-41AF66DB3BA2}.Release|Any CPU.ActiveCfg = Release|Any CPU
		{9B70FF5B-84A1-41F7-A236-41AF66DB3BA2}.Release|Any CPU.Build.0 = Release|Any CPU
	EndGlobalSection
	GlobalSection(SolutionProperties) = preSolution
		HideSolutionNode = FALSE
	EndGlobalSection
	GlobalSection(ExtensibilityGlobals) = postSolution
		SolutionGuid = {C76FC367-CCB2-4606-8A5D-B22CD708B31E}
	EndGlobalSection
EndGlobal
